
Microsoft Visual Studio Solution File, Format Version 12.00
# Visual Studio 15
VisualStudioVersion = 15.0.27130.2027
MinimumVisualStudioVersion = 10.0.40219.1
Project("{FAE04EC0-301F-11D3-BF4B-00C04F79EFBC}") = "HoyerCommon", "HoyerCommon\HoyerCommon.csproj", "{F2C977A9-5215-4EDD-9EA2-AC1C89C57AD3}"
EndProject
Project("{FAE04EC0-301F-11D3-BF4B-00C04F79EFBC}") = "HoyerJumong", "HoyerJumong\HoyerJumong.csproj", "{D255BD13-8CD5-4AB5-9553-E7890AC486B9}"
EndProject
Project("{FAE04EC0-301F-11D3-BF4B-00C04F79EFBC}") = "HoyerEvade", "HoyerEvade\HoyerEvade.csproj", "{3BE11565-EDDB-4653-867B-E77D47FBF32F}"
EndProject
Project("{2150E333-8FDC-42A3-9474-1A3956D46DE8}") = "Champions", "Champions", "{D57F082E-AD0D-46DC-A359-EFDE2DB6BF0E}"
EndProject
Project("{FAE04EC0-301F-11D3-BF4B-00C04F79EFBC}") = "HoyerBakko", "HoyerBakko\HoyerBakko.csproj", "{1B13AE38-66B0-43DF-AC6B-5EA85675F632}"
EndProject
Global
	GlobalSection(SolutionConfigurationPlatforms) = preSolution
		Debug|Any CPU = Debug|Any CPU
		Release|Any CPU = Release|Any CPU
	EndGlobalSection
	GlobalSection(ProjectConfigurationPlatforms) = postSolution
		{F2C977A9-5215-4EDD-9EA2-AC1C89C57AD3}.Debug|Any CPU.ActiveCfg = Debug|Any CPU
		{F2C977A9-5215-4EDD-9EA2-AC1C89C57AD3}.Debug|Any CPU.Build.0 = Debug|Any CPU
		{F2C977A9-5215-4EDD-9EA2-AC1C89C57AD3}.Release|Any CPU.ActiveCfg = Release|Any CPU
		{F2C977A9-5215-4EDD-9EA2-AC1C89C57AD3}.Release|Any CPU.Build.0 = Release|Any CPU
		{D255BD13-8CD5-4AB5-9553-E7890AC486B9}.Debug|Any CPU.ActiveCfg = Debug|Any CPU
		{D255BD13-8CD5-4AB5-9553-E7890AC486B9}.Debug|Any CPU.Build.0 = Debug|Any CPU
		{D255BD13-8CD5-4AB5-9553-E7890AC486B9}.Release|Any CPU.ActiveCfg = Release|Any CPU
		{D255BD13-8CD5-4AB5-9553-E7890AC486B9}.Release|Any CPU.Build.0 = Release|Any CPU
		{3BE11565-EDDB-4653-867B-E77D47FBF32F}.Debug|Any CPU.ActiveCfg = Debug|Any CPU
		{3BE11565-EDDB-4653-867B-E77D47FBF32F}.Debug|Any CPU.Build.0 = Debug|Any CPU
		{3BE11565-EDDB-4653-867B-E77D47FBF32F}.Release|Any CPU.ActiveCfg = Release|Any CPU
		{3BE11565-EDDB-4653-867B-E77D47FBF32F}.Release|Any CPU.Build.0 = Release|Any CPU
		{1B13AE38-66B0-43DF-AC6B-5EA85675F632}.Debug|Any CPU.ActiveCfg = Debug|Any CPU
		{1B13AE38-66B0-43DF-AC6B-5EA85675F632}.Debug|Any CPU.Build.0 = Debug|Any CPU
		{1B13AE38-66B0-43DF-AC6B-5EA85675F632}.Release|Any CPU.ActiveCfg = Release|Any CPU
		{1B13AE38-66B0-43DF-AC6B-5EA85675F632}.Release|Any CPU.Build.0 = Release|Any CPU
	EndGlobalSection
	GlobalSection(SolutionProperties) = preSolution
		HideSolutionNode = FALSE
	EndGlobalSection
	GlobalSection(NestedProjects) = preSolution
		{D255BD13-8CD5-4AB5-9553-E7890AC486B9} = {D57F082E-AD0D-46DC-A359-EFDE2DB6BF0E}
		{1B13AE38-66B0-43DF-AC6B-5EA85675F632} = {D57F082E-AD0D-46DC-A359-EFDE2DB6BF0E}
	EndGlobalSection
	GlobalSection(ExtensibilityGlobals) = postSolution
		SolutionGuid = {928E6AEF-658F-4F20-8084-79747C55170B}
	EndGlobalSection
EndGlobal
